
Microsoft Visual Studio Solution File, Format Version 12.00
# Visual Studio Version 16
VisualStudioVersion = 16.0.32228.343
MinimumVisualStudioVersion = 10.0.40219.1
Project("{FAE04EC0-301F-11D3-BF4B-00C04F79EFBC}") = "Janken", "Janken.csproj", "{EAEAE9DB-3CD4-4BE6-9B98-F75D723EE3A9}"
EndProject
Global
	GlobalSection(SolutionConfigurationPlatforms) = preSolution
		Debug|Any CPU = Debug|Any CPU
		Release|Any CPU = Release|Any CPU
	EndGlobalSection
	GlobalSection(ProjectConfigurationPlatforms) = postSolution
		{EAEAE9DB-3CD4-4BE6-9B98-F75D723EE3A9}.Debug|Any CPU.ActiveCfg = Debug|Any CPU
		{EAEAE9DB-3CD4-4BE6-9B98-F75D723EE3A9}.Debug|Any CPU.Build.0 = Debug|Any CPU
		{EAEAE9DB-3CD4-4BE6-9B98-F75D723EE3A9}.Release|Any CPU.ActiveCfg = Release|Any CPU
		{EAEAE9DB-3CD4-4BE6-9B98-F75D723EE3A9}.Release|Any CPU.Build.0 = Release|Any CPU
	EndGlobalSection
	GlobalSection(SolutionProperties) = preSolution
		HideSolutionNode = FALSE
	EndGlobalSection
	GlobalSection(ExtensibilityGlobals) = postSolution
		SolutionGuid = {27E23557-1F22-485C-A84C-BD2A35E87DF2}
	EndGlobalSection
EndGlobal
